
Microsoft Visual Studio Solution File, Format Version 12.00
# Visual Studio Version 17
VisualStudioVersion = 17.7.34031.279
MinimumVisualStudioVersion = 10.0.40219.1
Project("{FAE04EC0-301F-11D3-BF4B-00C04F79EFBC}") = "EjerciciosP3", "EjerciciosP3.csproj", "{633D41CA-050A-40B5-9621-F69CB05B5390}"
EndProject
Global
	GlobalSection(SolutionConfigurationPlatforms) = preSolution
		Debug|Any CPU = Debug|Any CPU
		Release|Any CPU = Release|Any CPU
	EndGlobalSection
	GlobalSection(ProjectConfigurationPlatforms) = postSolution
		{633D41CA-050A-40B5-9621-F69CB05B5390}.Debug|Any CPU.ActiveCfg = Debug|Any CPU
		{633D41CA-050A-40B5-9621-F69CB05B5390}.Debug|Any CPU.Build.0 = Debug|Any CPU
		{633D41CA-050A-40B5-9621-F69CB05B5390}.Release|Any CPU.ActiveCfg = Release|Any CPU
		{633D41CA-050A-40B5-9621-F69CB05B5390}.Release|Any CPU.Build.0 = Release|Any CPU
	EndGlobalSection
	GlobalSection(SolutionProperties) = preSolution
		HideSolutionNode = FALSE
	EndGlobalSection
	GlobalSection(ExtensibilityGlobals) = postSolution
		SolutionGuid = {A273AAEB-F9D2-4E6F-BEE1-2F871B57B690}
	EndGlobalSection
EndGlobal
